{
  "name": "canvas_touch-",
  "version": "1.0.0",
  "lockfileVersion": 1,
  "requires": true,
  "dependencies": {
    "@benmajor/jquery-touch-events": {
      "version": "2.0.3",
      "resolved": "https://registry.npmjs.org/@benmajor/jquery-touch-events/-/jquery-touch-events-2.0.3.tgz",
      "integrity": "sha512-yhhk/jzScpbuMf8zF7UTcaRFAgqM+8Elzsog9cSJywQBXKe7hJg+eJ9w/kmfqiLjZefT9p8pqwtqslmUvRA3kw=="
    }
  }
}
